
Microsoft Visual Studio Solution File, Format Version 10.00
# Visual Studio 2008
Project("{FAE04EC0-301F-11D3-BF4B-00C04F79EFBC}") = "boo.scheduler.core", "boo.scheduler.core\boo.scheduler.core.csproj", "{A65B07B2-B74D-472A-913A-370A201F93EC}"
EndProject
Project("{FAE04EC0-301F-11D3-BF4B-00C04F79EFBC}") = "boo.scheduler.test", "boo.scheduler.test\boo.scheduler.test.csproj", "{1F11F86D-C179-4BE1-9C67-CD32BB56809F}"
EndProject
Global
	GlobalSection(SolutionConfigurationPlatforms) = preSolution
		Debug|Any CPU = Debug|Any CPU
		Release|Any CPU = Release|Any CPU
	EndGlobalSection
	GlobalSection(ProjectConfigurationPlatforms) = postSolution
		{A65B07B2-B74D-472A-913A-370A201F93EC}.Debug|Any CPU.ActiveCfg = Debug|Any CPU
		{A65B07B2-B74D-472A-913A-370A201F93EC}.Debug|Any CPU.Build.0 = Debug|Any CPU
		{A65B07B2-B74D-472A-913A-370A201F93EC}.Release|Any CPU.ActiveCfg = Release|Any CPU
		{A65B07B2-B74D-472A-913A-370A201F93EC}.Release|Any CPU.Build.0 = Release|Any CPU
		{1F11F86D-C179-4BE1-9C67-CD32BB56809F}.Debug|Any CPU.ActiveCfg = Debug|Any CPU
		{1F11F86D-C179-4BE1-9C67-CD32BB56809F}.Debug|Any CPU.Build.0 = Debug|Any CPU
		{1F11F86D-C179-4BE1-9C67-CD32BB56809F}.Release|Any CPU.ActiveCfg = Release|Any CPU
		{1F11F86D-C179-4BE1-9C67-CD32BB56809F}.Release|Any CPU.Build.0 = Release|Any CPU
	EndGlobalSection
	GlobalSection(SolutionProperties) = preSolution
		HideSolutionNode = FALSE
	EndGlobalSection
EndGlobal
