
Microsoft Visual Studio Solution File, Format Version 10.00
# Visual Studio 2008
Project("{FAE04EC0-301F-11D3-BF4B-00C04F79EFBC}") = "ScotaltDateRange", "FragmentedDateRange\ScotaltDateRange.csproj", "{C9D116F7-A21C-40FD-878B-B0CDF723E560}"
EndProject
Project("{FAE04EC0-301F-11D3-BF4B-00C04F79EFBC}") = "FragmentedDateRangeTest", "FragmentedDateRangeTest\FragmentedDateRangeTest.csproj", "{1162DA77-93E3-442E-89BE-EADD0C4B35DB}"
EndProject
Global
	GlobalSection(SolutionConfigurationPlatforms) = preSolution
		Debug|Any CPU = Debug|Any CPU
		Release|Any CPU = Release|Any CPU
	EndGlobalSection
	GlobalSection(ProjectConfigurationPlatforms) = postSolution
		{C9D116F7-A21C-40FD-878B-B0CDF723E560}.Debug|Any CPU.ActiveCfg = Debug|Any CPU
		{C9D116F7-A21C-40FD-878B-B0CDF723E560}.Debug|Any CPU.Build.0 = Debug|Any CPU
		{C9D116F7-A21C-40FD-878B-B0CDF723E560}.Release|Any CPU.ActiveCfg = Release|Any CPU
		{C9D116F7-A21C-40FD-878B-B0CDF723E560}.Release|Any CPU.Build.0 = Release|Any CPU
		{1162DA77-93E3-442E-89BE-EADD0C4B35DB}.Debug|Any CPU.ActiveCfg = Debug|Any CPU
		{1162DA77-93E3-442E-89BE-EADD0C4B35DB}.Debug|Any CPU.Build.0 = Debug|Any CPU
		{1162DA77-93E3-442E-89BE-EADD0C4B35DB}.Release|Any CPU.ActiveCfg = Release|Any CPU
		{1162DA77-93E3-442E-89BE-EADD0C4B35DB}.Release|Any CPU.Build.0 = Release|Any CPU
	EndGlobalSection
	GlobalSection(SolutionProperties) = preSolution
		HideSolutionNode = FALSE
	EndGlobalSection
EndGlobal
